{
  "name": "grand-slacker-station",
  "version": "0.0.0",
  "dependencies": {
    "express": {
      "version": "4.12.3",
      "from": "express@",
      "dependencies": {
        "accepts": {
          "version": "1.2.5",
          "from": "accepts@~1.2.5",
          "dependencies": {
            "mime-types": {
              "version": "2.0.10",
              "from": "mime-types@~2.0.10",
              "dependencies": {
                "mime-db": {
                  "version": "1.8.0",
                  "from": "mime-db@~1.8.0"
                }
              }
            },
            "negotiator": {
              "version": "0.5.1",
              "from": "negotiator@0.5.1"
            }
          }
        },
        "content-disposition": {
          "version": "0.5.0",
          "from": "content-disposition@0.5.0"
        },
        "content-type": {
          "version": "1.0.1",
          "from": "content-type@~1.0.1"
        },
        "cookie": {
          "version": "0.1.2",
          "from": "cookie@0.1.2"
        },
        "cookie-signature": {
          "version": "1.0.6",
          "from": "cookie-signature@1.0.6"
        },
        "debug": {
          "version": "2.1.3",
          "from": "debug@~2.1.3",
          "dependencies": {
            "ms": {
              "version": "0.7.0",
              "from": "ms@0.7.0"
            }
          }
        },
        "depd": {
          "version": "1.0.0",
          "from": "depd@~1.0.0"
        },
        "escape-html": {
          "version": "1.0.1",
          "from": "escape-html@1.0.1"
        },
        "etag": {
          "version": "1.5.1",
          "from": "etag@~1.5.1",
          "dependencies": {
            "crc": {
              "version": "3.2.1",
              "from": "crc@3.2.1"
            }
          }
        },
        "finalhandler": {
          "version": "0.3.4",
          "from": "finalhandler@0.3.4"
        },
        "fresh": {
          "version": "0.2.4",
          "from": "fresh@0.2.4"
        },
        "merge-descriptors": {
          "version": "1.0.0",
          "from": "merge-descriptors@1.0.0"
        },
        "methods": {
          "version": "1.1.1",
          "from": "methods@~1.1.1"
        },
        "on-finished": {
          "version": "2.2.0",
          "from": "on-finished@~2.2.0",
          "dependencies": {
            "ee-first": {
              "version": "1.1.0",
              "from": "ee-first@1.1.0"
            }
          }
        },
        "parseurl": {
          "version": "1.3.0",
          "from": "parseurl@~1.3.0"
        },
        "path-to-regexp": {
          "version": "0.1.3",
          "from": "path-to-regexp@0.1.3"
        },
        "proxy-addr": {
          "version": "1.0.7",
          "from": "proxy-addr@~1.0.7",
          "dependencies": {
            "forwarded": {
              "version": "0.1.0",
              "from": "forwarded@~0.1.0"
            },
            "ipaddr.js": {
              "version": "0.1.9",
              "from": "ipaddr.js@0.1.9"
            }
          }
        },
        "qs": {
          "version": "2.4.1",
          "from": "qs@2.4.1"
        },
        "range-parser": {
          "version": "1.0.2",
          "from": "range-parser@~1.0.2"
        },
        "send": {
          "version": "0.12.2",
          "from": "send@0.12.2",
          "dependencies": {
            "destroy": {
              "version": "1.0.3",
              "from": "destroy@1.0.3"
            },
            "mime": {
              "version": "1.3.4",
              "from": "mime@1.3.4"
            },
            "ms": {
              "version": "0.7.0",
              "from": "ms@0.7.0"
            }
          }
        },
        "serve-static": {
          "version": "1.9.2",
          "from": "serve-static@~1.9.2"
        },
        "type-is": {
          "version": "1.6.1",
          "from": "type-is@~1.6.1",
          "dependencies": {
            "media-typer": {
              "version": "0.3.0",
              "from": "media-typer@0.3.0"
            },
            "mime-types": {
              "version": "2.0.10",
              "from": "mime-types@~2.0.10",
              "dependencies": {
                "mime-db": {
                  "version": "1.8.0",
                  "from": "mime-db@~1.8.0"
                }
              }
            }
          }
        },
        "vary": {
          "version": "1.0.0",
          "from": "vary@~1.0.0"
        },
        "utils-merge": {
          "version": "1.0.0",
          "from": "utils-merge@1.0.0"
        }
      }
    },
    "body-parser": {
      "version": "1.12.2",
      "from": "body-parser@",
      "resolved": "https://registry.npmjs.org/body-parser/-/body-parser-1.12.2.tgz",
      "dependencies": {
        "bytes": {
          "version": "1.0.0",
          "from": "bytes@1.0.0",
          "resolved": "https://registry.npmjs.org/bytes/-/bytes-1.0.0.tgz"
        },
        "content-type": {
          "version": "1.0.1",
          "from": "content-type@~1.0.1"
        },
        "debug": {
          "version": "2.1.3",
          "from": "debug@~2.1.3",
          "dependencies": {
            "ms": {
              "version": "0.7.0",
              "from": "ms@0.7.0"
            }
          }
        },
        "depd": {
          "version": "1.0.0",
          "from": "depd@~1.0.0"
        },
        "iconv-lite": {
          "version": "0.4.7",
          "from": "iconv-lite@0.4.7",
          "resolved": "https://registry.npmjs.org/iconv-lite/-/iconv-lite-0.4.7.tgz"
        },
        "on-finished": {
          "version": "2.2.0",
          "from": "on-finished@~2.2.0",
          "dependencies": {
            "ee-first": {
              "version": "1.1.0",
              "from": "ee-first@1.1.0"
            }
          }
        },
        "qs": {
          "version": "2.4.1",
          "from": "qs@2.4.1"
        },
        "raw-body": {
          "version": "1.3.3",
          "from": "raw-body@1.3.3",
          "resolved": "https://registry.npmjs.org/raw-body/-/raw-body-1.3.3.tgz"
        },
        "type-is": {
          "version": "1.6.1",
          "from": "type-is@~1.6.1",
          "dependencies": {
            "media-typer": {
              "version": "0.3.0",
              "from": "media-typer@0.3.0"
            },
            "mime-types": {
              "version": "2.0.10",
              "from": "mime-types@~2.0.10",
              "dependencies": {
                "mime-db": {
                  "version": "1.8.0",
                  "from": "mime-db@~1.8.0"
                }
              }
            }
          }
        }
      }
    },
    "request": {
      "version": "2.53.0",
      "from": "request@",
      "dependencies": {
        "bl": {
          "version": "0.9.4",
          "from": "bl@~0.9.0",
          "dependencies": {
            "readable-stream": {
              "version": "1.0.33",
              "from": "readable-stream@~1.0.26",
              "dependencies": {
                "core-util-is": {
                  "version": "1.0.1",
                  "from": "core-util-is@~1.0.0"
                },
                "isarray": {
                  "version": "0.0.1",
                  "from": "isarray@0.0.1",
                  "resolved": "https://registry.npmjs.org/isarray/-/isarray-0.0.1.tgz"
                },
                "string_decoder": {
                  "version": "0.10.31",
                  "from": "string_decoder@~0.10.x"
                },
                "inherits": {
                  "version": "2.0.1",
                  "from": "inherits@~2.0.1"
                }
              }
            }
          }
        },
        "caseless": {
          "version": "0.9.0",
          "from": "caseless@~0.9.0"
        },
        "forever-agent": {
          "version": "0.5.2",
          "from": "forever-agent@~0.5.0"
        },
        "form-data": {
          "version": "0.2.0",
          "from": "form-data@~0.2.0",
          "dependencies": {
            "async": {
              "version": "0.9.0",
              "from": "async@~0.9.0"
            }
          }
        },
        "json-stringify-safe": {
          "version": "5.0.0",
          "from": "json-stringify-safe@~5.0.0"
        },
        "mime-types": {
          "version": "2.0.10",
          "from": "mime-types@~2.0.1",
          "dependencies": {
            "mime-db": {
              "version": "1.8.0",
              "from": "mime-db@~1.8.0"
            }
          }
        },
        "node-uuid": {
          "version": "1.4.3",
          "from": "node-uuid@~1.4.0",
          "resolved": "https://registry.npmjs.org/node-uuid/-/node-uuid-1.4.3.tgz"
        },
        "qs": {
          "version": "2.3.3",
          "from": "qs@~2.3.1"
        },
        "tunnel-agent": {
          "version": "0.4.0",
          "from": "tunnel-agent@~0.4.0"
        },
        "tough-cookie": {
          "version": "0.12.1",
          "from": "tough-cookie@>=0.12.0",
          "dependencies": {
            "punycode": {
              "version": "1.3.2",
              "from": "punycode@>=0.2.0"
            }
          }
        },
        "http-signature": {
          "version": "0.10.1",
          "from": "http-signature@~0.10.0",
          "dependencies": {
            "assert-plus": {
              "version": "0.1.5",
              "from": "assert-plus@^0.1.5"
            },
            "asn1": {
              "version": "0.1.11",
              "from": "asn1@0.1.11",
              "resolved": "https://registry.npmjs.org/asn1/-/asn1-0.1.11.tgz"
            },
            "ctype": {
              "version": "0.5.3",
              "from": "ctype@0.5.3",
              "resolved": "https://registry.npmjs.org/ctype/-/ctype-0.5.3.tgz"
            }
          }
        },
        "oauth-sign": {
          "version": "0.6.0",
          "from": "oauth-sign@~0.6.0"
        },
        "hawk": {
          "version": "2.3.1",
          "from": "hawk@~2.3.0",
          "dependencies": {
            "hoek": {
              "version": "2.11.1",
              "from": "hoek@2.x.x",
              "resolved": "https://registry.npmjs.org/hoek/-/hoek-2.11.1.tgz"
            },
            "boom": {
              "version": "2.6.1",
              "from": "boom@2.x.x"
            },
            "cryptiles": {
              "version": "2.0.4",
              "from": "cryptiles@2.x.x"
            },
            "sntp": {
              "version": "1.0.9",
              "from": "sntp@1.x.x"
            }
          }
        },
        "aws-sign2": {
          "version": "0.5.0",
          "from": "aws-sign2@~0.5.0"
        },
        "stringstream": {
          "version": "0.0.4",
          "from": "stringstream@~0.0.4"
        },
        "combined-stream": {
          "version": "0.0.7",
          "from": "combined-stream@~0.0.5",
          "dependencies": {
            "delayed-stream": {
              "version": "0.0.5",
              "from": "delayed-stream@0.0.5",
              "resolved": "https://registry.npmjs.org/delayed-stream/-/delayed-stream-0.0.5.tgz"
            }
          }
        },
        "isstream": {
          "version": "0.1.2",
          "from": "isstream@~0.1.1",
          "resolved": "https://registry.npmjs.org/isstream/-/isstream-0.1.2.tgz"
        }
      }
    },
    "xml2js": {
      "version": "0.4.6",
      "from": "xml2js@",
      "dependencies": {
        "sax": {
          "version": "0.6.1",
          "from": "sax@0.6.x"
        },
        "xmlbuilder": {
          "version": "2.6.2",
          "from": "xmlbuilder@>=2.4.6",
          "dependencies": {
            "lodash": {
              "version": "3.5.0",
              "from": "lodash@~3.5.0"
            }
          }
        }
      }
    },
    "broadway": {
      "version": "0.3.6",
      "from": "broadway@",
      "resolved": "https://registry.npmjs.org/broadway/-/broadway-0.3.6.tgz",
      "dependencies": {
        "cliff": {
          "version": "0.1.9",
          "from": "cliff@0.1.9",
          "resolved": "https://registry.npmjs.org/cliff/-/cliff-0.1.9.tgz",
          "dependencies": {
            "colors": {
              "version": "0.6.2",
              "from": "colors@0.6.x"
            },
            "eyes": {
              "version": "0.1.8",
              "from": "eyes@0.1.x",
              "resolved": "https://registry.npmjs.org/eyes/-/eyes-0.1.8.tgz"
            }
          }
        },
        "eventemitter2": {
          "version": "0.4.14",
          "from": "eventemitter2@0.4.14",
          "resolved": "https://registry.npmjs.org/eventemitter2/-/eventemitter2-0.4.14.tgz"
        },
        "nconf": {
          "version": "0.6.9",
          "from": "nconf@0.6.9",
          "resolved": "https://registry.npmjs.org/nconf/-/nconf-0.6.9.tgz",
          "dependencies": {
            "async": {
              "version": "0.2.9",
              "from": "async@0.2.9",
              "resolved": "https://registry.npmjs.org/async/-/async-0.2.9.tgz"
            },
            "ini": {
              "version": "1.3.3",
              "from": "ini@1.x.x",
              "resolved": "https://registry.npmjs.org/ini/-/ini-1.3.3.tgz"
            },
            "optimist": {
              "version": "0.6.0",
              "from": "optimist@0.6.0",
              "resolved": "https://registry.npmjs.org/optimist/-/optimist-0.6.0.tgz",
              "dependencies": {
                "wordwrap": {
                  "version": "0.0.2",
                  "from": "wordwrap@~0.0.2"
                },
                "minimist": {
                  "version": "0.0.10",
                  "from": "minimist@~0.0.1"
                }
              }
            }
          }
        },
        "winston": {
          "version": "0.8.0",
          "from": "winston@0.8.0",
          "resolved": "https://registry.npmjs.org/winston/-/winston-0.8.0.tgz",
          "dependencies": {
            "async": {
              "version": "0.2.10",
              "from": "async@0.2.x"
            },
            "colors": {
              "version": "0.6.2",
              "from": "colors@0.6.x"
            },
            "cycle": {
              "version": "1.0.3",
              "from": "cycle@1.0.x",
              "resolved": "https://registry.npmjs.org/cycle/-/cycle-1.0.3.tgz"
            },
            "eyes": {
              "version": "0.1.8",
              "from": "eyes@0.1.x",
              "resolved": "https://registry.npmjs.org/eyes/-/eyes-0.1.8.tgz"
            },
            "pkginfo": {
              "version": "0.3.0",
              "from": "pkginfo@0.3.x"
            },
            "stack-trace": {
              "version": "0.0.9",
              "from": "stack-trace@0.0.x",
              "resolved": "https://registry.npmjs.org/stack-trace/-/stack-trace-0.0.9.tgz"
            }
          }
        },
        "utile": {
          "version": "0.2.1",
          "from": "utile@0.2.1",
          "resolved": "https://registry.npmjs.org/utile/-/utile-0.2.1.tgz",
          "dependencies": {
            "async": {
              "version": "0.2.10",
              "from": "async@0.2.x"
            },
            "deep-equal": {
              "version": "1.0.0",
              "from": "deep-equal@*",
              "resolved": "https://registry.npmjs.org/deep-equal/-/deep-equal-1.0.0.tgz"
            },
            "i": {
              "version": "0.3.2",
              "from": "i@0.3.x"
            },
            "mkdirp": {
              "version": "0.5.0",
              "from": "mkdirp@0.x.x",
              "dependencies": {
                "minimist": {
                  "version": "0.0.8",
                  "from": "minimist@0.0.8"
                }
              }
            },
            "ncp": {
              "version": "0.4.2",
              "from": "ncp@0.4.x"
            },
            "rimraf": {
              "version": "2.3.2",
              "from": "rimraf@2.x.x",
              "resolved": "https://registry.npmjs.org/rimraf/-/rimraf-2.3.2.tgz",
              "dependencies": {
                "glob": {
                  "version": "4.5.3",
                  "from": "glob@^4.4.2",
                  "resolved": "https://registry.npmjs.org/glob/-/glob-4.5.3.tgz",
                  "dependencies": {
                    "inflight": {
                      "version": "1.0.4",
                      "from": "inflight@^1.0.4",
                      "dependencies": {
                        "wrappy": {
                          "version": "1.0.1",
                          "from": "wrappy@1"
                        }
                      }
                    },
                    "inherits": {
                      "version": "2.0.1",
                      "from": "inherits@2"
                    },
                    "minimatch": {
                      "version": "2.0.4",
                      "from": "minimatch@^2.0.1",
                      "resolved": "https://registry.npmjs.org/minimatch/-/minimatch-2.0.4.tgz",
                      "dependencies": {
                        "brace-expansion": {
                          "version": "1.1.0",
                          "from": "brace-expansion@^1.0.0",
                          "resolved": "https://registry.npmjs.org/brace-expansion/-/brace-expansion-1.1.0.tgz",
                          "dependencies": {
                            "balanced-match": {
                              "version": "0.2.0",
                              "from": "balanced-match@^0.2.0",
                              "resolved": "https://registry.npmjs.org/balanced-match/-/balanced-match-0.2.0.tgz"
                            },
                            "concat-map": {
                              "version": "0.0.1",
                              "from": "concat-map@0.0.1",
                              "resolved": "https://registry.npmjs.org/concat-map/-/concat-map-0.0.1.tgz"
                            }
                          }
                        }
                      }
                    },
                    "once": {
                      "version": "1.3.1",
                      "from": "once@^1.3.0",
                      "dependencies": {
                        "wrappy": {
                          "version": "1.0.1",
                          "from": "wrappy@1"
                        }
                      }
                    }
                  }
                }
              }
            }
          }
        }
      }
    }
  }
}
